
Microsoft Visual Studio Solution File, Format Version 12.00
# Visual Studio 15
VisualStudioVersion = 15.0.28307.421
MinimumVisualStudioVersion = 10.0.40219.1
Project("{9A19103F-16F7-4668-BE54-9A1E7A4F7556}") = "AluguelCarro", "AluguelCarro\AluguelCarro.csproj", "{8D94394D-D433-4FAA-BB18-2F9572B684BB}"
EndProject
Project("{FAE04EC0-301F-11D3-BF4B-00C04F79EFBC}") = "AluguelCarroTestes", "AluguelCarroTestes\AluguelCarroTestes.csproj", "{C8BF7C05-2D57-44DB-936A-5929F5E46792}"
EndProject
Global
	GlobalSection(SolutionConfigurationPlatforms) = preSolution
		Debug|Any CPU = Debug|Any CPU
		Release|Any CPU = Release|Any CPU
	EndGlobalSection
	GlobalSection(ProjectConfigurationPlatforms) = postSolution
		{8D94394D-D433-4FAA-BB18-2F9572B684BB}.Debug|Any CPU.ActiveCfg = Debug|Any CPU
		{8D94394D-D433-4FAA-BB18-2F9572B684BB}.Debug|Any CPU.Build.0 = Debug|Any CPU
		{8D94394D-D433-4FAA-BB18-2F9572B684BB}.Release|Any CPU.ActiveCfg = Release|Any CPU
		{8D94394D-D433-4FAA-BB18-2F9572B684BB}.Release|Any CPU.Build.0 = Release|Any CPU
		{C8BF7C05-2D57-44DB-936A-5929F5E46792}.Debug|Any CPU.ActiveCfg = Debug|Any CPU
		{C8BF7C05-2D57-44DB-936A-5929F5E46792}.Debug|Any CPU.Build.0 = Debug|Any CPU
		{C8BF7C05-2D57-44DB-936A-5929F5E46792}.Release|Any CPU.ActiveCfg = Release|Any CPU
		{C8BF7C05-2D57-44DB-936A-5929F5E46792}.Release|Any CPU.Build.0 = Release|Any CPU
	EndGlobalSection
	GlobalSection(SolutionProperties) = preSolution
		HideSolutionNode = FALSE
	EndGlobalSection
	GlobalSection(ExtensibilityGlobals) = postSolution
		SolutionGuid = {DBA7DF81-2239-4521-A4C4-E7B69A6A6B9B}
	EndGlobalSection
EndGlobal
